
Microsoft Visual Studio Solution File, Format Version 12.00
# Visual Studio Version 17
VisualStudioVersion = 17.0.32126.317
MinimumVisualStudioVersion = 10.0.40219.1
Project("{FAE04EC0-301F-11D3-BF4B-00C04F79EFBC}") = "Fiap.PersonalBlog", "Fiap.PersonalBlog\Fiap.PersonalBlog.csproj", "{C893FD69-B269-4ED2-A2C7-CA345A5A36BF}"
EndProject
Global
	GlobalSection(SolutionConfigurationPlatforms) = preSolution
		Debug|Any CPU = Debug|Any CPU
		Release|Any CPU = Release|Any CPU
	EndGlobalSection
	GlobalSection(ProjectConfigurationPlatforms) = postSolution
		{C893FD69-B269-4ED2-A2C7-CA345A5A36BF}.Debug|Any CPU.ActiveCfg = Debug|Any CPU
		{C893FD69-B269-4ED2-A2C7-CA345A5A36BF}.Debug|Any CPU.Build.0 = Debug|Any CPU
		{C893FD69-B269-4ED2-A2C7-CA345A5A36BF}.Release|Any CPU.ActiveCfg = Release|Any CPU
		{C893FD69-B269-4ED2-A2C7-CA345A5A36BF}.Release|Any CPU.Build.0 = Release|Any CPU
	EndGlobalSection
	GlobalSection(SolutionProperties) = preSolution
		HideSolutionNode = FALSE
	EndGlobalSection
	GlobalSection(ExtensibilityGlobals) = postSolution
		SolutionGuid = {11D0771C-2A1A-4BE4-A1AF-03AACFF2E8FE}
	EndGlobalSection
EndGlobal
